
Microsoft Visual Studio Solution File, Format Version 12.00
# Visual Studio Version 16
VisualStudioVersion = 16.0.30907.101
MinimumVisualStudioVersion = 10.0.40219.1
Project("{9A19103F-16F7-4668-BE54-9A1E7A4F7556}") = "tinyield4net", "tinyield4net\tinyield4net.csproj", "{90ED5D28-63B4-47D5-9664-1A3F4CBF1CB3}"
EndProject
Project("{9A19103F-16F7-4668-BE54-9A1E7A4F7556}") = "tinyield4netTest", "tinyield4netTest\tinyield4netTest.csproj", "{48BCB68D-4485-4533-B10F-8D432B552372}"
EndProject
Project("{9A19103F-16F7-4668-BE54-9A1E7A4F7556}") = "LinqBenchmarks", "LinqBenchmarks\LinqBenchmarks.csproj", "{802FFCD0-67F7-4A9A-B472-4B296A995BE9}"
EndProject
Global
	GlobalSection(SolutionConfigurationPlatforms) = preSolution
		Debug|Any CPU = Debug|Any CPU
		Release|Any CPU = Release|Any CPU
	EndGlobalSection
	GlobalSection(ProjectConfigurationPlatforms) = postSolution
		{90ED5D28-63B4-47D5-9664-1A3F4CBF1CB3}.Debug|Any CPU.ActiveCfg = Debug|Any CPU
		{90ED5D28-63B4-47D5-9664-1A3F4CBF1CB3}.Debug|Any CPU.Build.0 = Debug|Any CPU
		{90ED5D28-63B4-47D5-9664-1A3F4CBF1CB3}.Release|Any CPU.ActiveCfg = Release|Any CPU
		{90ED5D28-63B4-47D5-9664-1A3F4CBF1CB3}.Release|Any CPU.Build.0 = Release|Any CPU
		{48BCB68D-4485-4533-B10F-8D432B552372}.Debug|Any CPU.ActiveCfg = Debug|Any CPU
		{48BCB68D-4485-4533-B10F-8D432B552372}.Debug|Any CPU.Build.0 = Debug|Any CPU
		{48BCB68D-4485-4533-B10F-8D432B552372}.Release|Any CPU.ActiveCfg = Release|Any CPU
		{48BCB68D-4485-4533-B10F-8D432B552372}.Release|Any CPU.Build.0 = Release|Any CPU
		{802FFCD0-67F7-4A9A-B472-4B296A995BE9}.Debug|Any CPU.ActiveCfg = Debug|Any CPU
		{802FFCD0-67F7-4A9A-B472-4B296A995BE9}.Debug|Any CPU.Build.0 = Debug|Any CPU
		{802FFCD0-67F7-4A9A-B472-4B296A995BE9}.Release|Any CPU.ActiveCfg = Release|Any CPU
		{802FFCD0-67F7-4A9A-B472-4B296A995BE9}.Release|Any CPU.Build.0 = Release|Any CPU
	EndGlobalSection
	GlobalSection(SolutionProperties) = preSolution
		HideSolutionNode = FALSE
	EndGlobalSection
	GlobalSection(ExtensibilityGlobals) = postSolution
		SolutionGuid = {923B5A02-E910-41B5-A113-D1522BAD23E8}
	EndGlobalSection
EndGlobal
